
Microsoft Visual Studio Solution File, Format Version 12.00
# Visual Studio 15
Project("{FAE04EC0-301F-11D3-BF4B-00C04F79EFBC}") = "Assembly-CSharp", "Assembly-CSharp.csproj", "{F4459FA5-F8DA-7323-DE78-A2EADDAFB839}"
EndProject
Project("{FAE04EC0-301F-11D3-BF4B-00C04F79EFBC}") = "Assembly-CSharp-Editor", "Assembly-CSharp-Editor.csproj", "{0D0A5A22-4AD6-902D-32B1-4EA054A238B6}"
EndProject
Global
	GlobalSection(SolutionConfigurationPlatforms) = preSolution
		Debug|Any CPU = Debug|Any CPU
		Release|Any CPU = Release|Any CPU
	EndGlobalSection
	GlobalSection(ProjectConfigurationPlatforms) = postSolution
		{F4459FA5-F8DA-7323-DE78-A2EADDAFB839}.Debug|Any CPU.ActiveCfg = Debug|Any CPU
		{F4459FA5-F8DA-7323-DE78-A2EADDAFB839}.Debug|Any CPU.Build.0 = Debug|Any CPU
		{F4459FA5-F8DA-7323-DE78-A2EADDAFB839}.Release|Any CPU.ActiveCfg = Release|Any CPU
		{F4459FA5-F8DA-7323-DE78-A2EADDAFB839}.Release|Any CPU.Build.0 = Release|Any CPU
		{0D0A5A22-4AD6-902D-32B1-4EA054A238B6}.Debug|Any CPU.ActiveCfg = Debug|Any CPU
		{0D0A5A22-4AD6-902D-32B1-4EA054A238B6}.Debug|Any CPU.Build.0 = Debug|Any CPU
		{0D0A5A22-4AD6-902D-32B1-4EA054A238B6}.Release|Any CPU.ActiveCfg = Release|Any CPU
		{0D0A5A22-4AD6-902D-32B1-4EA054A238B6}.Release|Any CPU.Build.0 = Release|Any CPU
	EndGlobalSection
	GlobalSection(SolutionProperties) = preSolution
		HideSolutionNode = FALSE
	EndGlobalSection
EndGlobal
