
Microsoft Visual Studio Solution File, Format Version 12.00
# Visual Studio Version 16
VisualStudioVersion = 16.0.29709.97
MinimumVisualStudioVersion = 10.0.40219.1
Project("{FAE04EC0-301F-11D3-BF4B-00C04F79EFBC}") = "Assembly-CSharp", "Assembly-CSharp.csproj", "{F4459FA5-F8DA-7323-DE78-A2EADDAFB839}"
EndProject
Global
	GlobalSection(SolutionConfigurationPlatforms) = preSolution
		Debug|Any CPU = Debug|Any CPU
		Release|Any CPU = Release|Any CPU
	EndGlobalSection
	GlobalSection(ProjectConfigurationPlatforms) = postSolution
		{F4459FA5-F8DA-7323-DE78-A2EADDAFB839}.Debug|Any CPU.ActiveCfg = Debug|Any CPU
		{F4459FA5-F8DA-7323-DE78-A2EADDAFB839}.Debug|Any CPU.Build.0 = Debug|Any CPU
		{F4459FA5-F8DA-7323-DE78-A2EADDAFB839}.Release|Any CPU.ActiveCfg = Release|Any CPU
		{F4459FA5-F8DA-7323-DE78-A2EADDAFB839}.Release|Any CPU.Build.0 = Release|Any CPU
	EndGlobalSection
	GlobalSection(SolutionProperties) = preSolution
		HideSolutionNode = FALSE
	EndGlobalSection
	GlobalSection(ExtensibilityGlobals) = postSolution
		SolutionGuid = {D3C3991F-9A65-48B8-8F1B-69596A69C19A}
	EndGlobalSection
EndGlobal
